
Microsoft Visual Studio Solution File, Format Version 12.00
# Visual Studio 15
VisualStudioVersion = 15.0.27428.2015
MinimumVisualStudioVersion = 10.0.40219.1
Project("{FAE04EC0-301F-11D3-BF4B-00C04F79EFBC}") = "RecipeBookSystem.Model", "RecipeBookSystem.Model\RecipeBookSystem.Model.csproj", "{284717BB-A680-432D-A9C2-CEEE5B20A522}"
EndProject
Project("{2150E333-8FDC-42A3-9474-1A3956D46DE8}") = "RecipeBookSystem.SqlQueries", "RecipeBookSystem.SqlQueries", "{58DDECC9-3DE6-4E03-85F9-0FDA6D3B919C}"
	ProjectSection(SolutionItems) = preProject
		1. CreateDB.sql = 1. CreateDB.sql
		2. CreateTable.sql = 2. CreateTable.sql
		3. CreateProcs.sql = 3. CreateProcs.sql
		4. Insert.sql = 4. Insert.sql
		Delete.sql = Delete.sql
	EndProjectSection
EndProject
Project("{FAE04EC0-301F-11D3-BF4B-00C04F79EFBC}") = "RecipeBookSystem.DAL", "RecipeBookSystem.DAL\RecipeBookSystem.DAL.csproj", "{F2C33962-1787-4CDD-8C25-815A7DE0E457}"
EndProject
Project("{FAE04EC0-301F-11D3-BF4B-00C04F79EFBC}") = "RecipeBookSystem.BL", "RecipeBookSystem.BL\RecipeBookSystem.BL.csproj", "{DF9E2456-F79B-426C-875B-F5FA85DC67E9}"
EndProject
Project("{FAE04EC0-301F-11D3-BF4B-00C04F79EFBC}") = "RecipeBookSystem.UI", "RecipeBookSystem.UI\RecipeBookSystem.UI.csproj", "{DF45D3D0-C667-4480-9D6D-A3FF9157BCF1}"
EndProject
Project("{54435603-DBB4-11D2-8724-00A0C9A8B90C}") = "RecipeBookSystem.Setup", "RecipeBookSystem.Setup\RecipeBookSystem.Setup.vdproj", "{E1C0960F-DA0D-4F82-889F-F457F0A1C288}"
EndProject
Project("{262852C6-CD72-467D-83FE-5EEB1973A190}") = "RecipeBookSystem.Mobile", "RecipeBookSystem.Mobile\RecipeBookSystem.Mobile.jsproj", "{7E022832-135B-4900-B48C-C41DCABB7CBB}"
EndProject
Project("{FAE04EC0-301F-11D3-BF4B-00C04F79EFBC}") = "RecipeBookSystem.API", "RecipeBookSystem.API2\RecipeBookSystem.API.csproj", "{31040CEC-9FCE-46A7-B84C-C4EB011959B6}"
EndProject
Global
	GlobalSection(SolutionConfigurationPlatforms) = preSolution
		Debug|Android = Debug|Android
		Debug|Any CPU = Debug|Any CPU
		Debug|iOS = Debug|iOS
		Debug|Windows-ARM = Debug|Windows-ARM
		Debug|Windows-x64 = Debug|Windows-x64
		Debug|Windows-x86 = Debug|Windows-x86
		Release|Android = Release|Android
		Release|Any CPU = Release|Any CPU
		Release|iOS = Release|iOS
		Release|Windows-ARM = Release|Windows-ARM
		Release|Windows-x64 = Release|Windows-x64
		Release|Windows-x86 = Release|Windows-x86
	EndGlobalSection
	GlobalSection(ProjectConfigurationPlatforms) = postSolution
		{284717BB-A680-432D-A9C2-CEEE5B20A522}.Debug|Android.ActiveCfg = Debug|Any CPU
		{284717BB-A680-432D-A9C2-CEEE5B20A522}.Debug|Android.Build.0 = Debug|Any CPU
		{284717BB-A680-432D-A9C2-CEEE5B20A522}.Debug|Any CPU.ActiveCfg = Debug|Any CPU
		{284717BB-A680-432D-A9C2-CEEE5B20A522}.Debug|Any CPU.Build.0 = Debug|Any CPU
		{284717BB-A680-432D-A9C2-CEEE5B20A522}.Debug|iOS.ActiveCfg = Debug|Any CPU
		{284717BB-A680-432D-A9C2-CEEE5B20A522}.Debug|iOS.Build.0 = Debug|Any CPU
		{284717BB-A680-432D-A9C2-CEEE5B20A522}.Debug|Windows-ARM.ActiveCfg = Debug|Any CPU
		{284717BB-A680-432D-A9C2-CEEE5B20A522}.Debug|Windows-ARM.Build.0 = Debug|Any CPU
		{284717BB-A680-432D-A9C2-CEEE5B20A522}.Debug|Windows-x64.ActiveCfg = Debug|Any CPU
		{284717BB-A680-432D-A9C2-CEEE5B20A522}.Debug|Windows-x64.Build.0 = Debug|Any CPU
		{284717BB-A680-432D-A9C2-CEEE5B20A522}.Debug|Windows-x86.ActiveCfg = Debug|Any CPU
		{284717BB-A680-432D-A9C2-CEEE5B20A522}.Debug|Windows-x86.Build.0 = Debug|Any CPU
		{284717BB-A680-432D-A9C2-CEEE5B20A522}.Release|Android.ActiveCfg = Release|Any CPU
		{284717BB-A680-432D-A9C2-CEEE5B20A522}.Release|Android.Build.0 = Release|Any CPU
		{284717BB-A680-432D-A9C2-CEEE5B20A522}.Release|Any CPU.ActiveCfg = Release|Any CPU
		{284717BB-A680-432D-A9C2-CEEE5B20A522}.Release|Any CPU.Build.0 = Release|Any CPU
		{284717BB-A680-432D-A9C2-CEEE5B20A522}.Release|iOS.ActiveCfg = Release|Any CPU
		{284717BB-A680-432D-A9C2-CEEE5B20A522}.Release|iOS.Build.0 = Release|Any CPU
		{284717BB-A680-432D-A9C2-CEEE5B20A522}.Release|Windows-ARM.ActiveCfg = Release|Any CPU
		{284717BB-A680-432D-A9C2-CEEE5B20A522}.Release|Windows-ARM.Build.0 = Release|Any CPU
		{284717BB-A680-432D-A9C2-CEEE5B20A522}.Release|Windows-x64.ActiveCfg = Release|Any CPU
		{284717BB-A680-432D-A9C2-CEEE5B20A522}.Release|Windows-x64.Build.0 = Release|Any CPU
		{284717BB-A680-432D-A9C2-CEEE5B20A522}.Release|Windows-x86.ActiveCfg = Release|Any CPU
		{284717BB-A680-432D-A9C2-CEEE5B20A522}.Release|Windows-x86.Build.0 = Release|Any CPU
		{F2C33962-1787-4CDD-8C25-815A7DE0E457}.Debug|Android.ActiveCfg = Debug|Any CPU
		{F2C33962-1787-4CDD-8C25-815A7DE0E457}.Debug|Android.Build.0 = Debug|Any CPU
		{F2C33962-1787-4CDD-8C25-815A7DE0E457}.Debug|Any CPU.ActiveCfg = Debug|Any CPU
		{F2C33962-1787-4CDD-8C25-815A7DE0E457}.Debug|Any CPU.Build.0 = Debug|Any CPU
		{F2C33962-1787-4CDD-8C25-815A7DE0E457}.Debug|iOS.ActiveCfg = Debug|Any CPU
		{F2C33962-1787-4CDD-8C25-815A7DE0E457}.Debug|iOS.Build.0 = Debug|Any CPU
		{F2C33962-1787-4CDD-8C25-815A7DE0E457}.Debug|Windows-ARM.ActiveCfg = Debug|Any CPU
		{F2C33962-1787-4CDD-8C25-815A7DE0E457}.Debug|Windows-ARM.Build.0 = Debug|Any CPU
		{F2C33962-1787-4CDD-8C25-815A7DE0E457}.Debug|Windows-x64.ActiveCfg = Debug|Any CPU
		{F2C33962-1787-4CDD-8C25-815A7DE0E457}.Debug|Windows-x64.Build.0 = Debug|Any CPU
		{F2C33962-1787-4CDD-8C25-815A7DE0E457}.Debug|Windows-x86.ActiveCfg = Debug|Any CPU
		{F2C33962-1787-4CDD-8C25-815A7DE0E457}.Debug|Windows-x86.Build.0 = Debug|Any CPU
		{F2C33962-1787-4CDD-8C25-815A7DE0E457}.Release|Android.ActiveCfg = Release|Any CPU
		{F2C33962-1787-4CDD-8C25-815A7DE0E457}.Release|Android.Build.0 = Release|Any CPU
		{F2C33962-1787-4CDD-8C25-815A7DE0E457}.Release|Any CPU.ActiveCfg = Release|Any CPU
		{F2C33962-1787-4CDD-8C25-815A7DE0E457}.Release|Any CPU.Build.0 = Release|Any CPU
		{F2C33962-1787-4CDD-8C25-815A7DE0E457}.Release|iOS.ActiveCfg = Release|Any CPU
		{F2C33962-1787-4CDD-8C25-815A7DE0E457}.Release|iOS.Build.0 = Release|Any CPU
		{F2C33962-1787-4CDD-8C25-815A7DE0E457}.Release|Windows-ARM.ActiveCfg = Release|Any CPU
		{F2C33962-1787-4CDD-8C25-815A7DE0E457}.Release|Windows-ARM.Build.0 = Release|Any CPU
		{F2C33962-1787-4CDD-8C25-815A7DE0E457}.Release|Windows-x64.ActiveCfg = Release|Any CPU
		{F2C33962-1787-4CDD-8C25-815A7DE0E457}.Release|Windows-x64.Build.0 = Release|Any CPU
		{F2C33962-1787-4CDD-8C25-815A7DE0E457}.Release|Windows-x86.ActiveCfg = Release|Any CPU
		{F2C33962-1787-4CDD-8C25-815A7DE0E457}.Release|Windows-x86.Build.0 = Release|Any CPU
		{DF9E2456-F79B-426C-875B-F5FA85DC67E9}.Debug|Android.ActiveCfg = Debug|Any CPU
		{DF9E2456-F79B-426C-875B-F5FA85DC67E9}.Debug|Android.Build.0 = Debug|Any CPU
		{DF9E2456-F79B-426C-875B-F5FA85DC67E9}.Debug|Any CPU.ActiveCfg = Debug|Any CPU
		{DF9E2456-F79B-426C-875B-F5FA85DC67E9}.Debug|Any CPU.Build.0 = Debug|Any CPU
		{DF9E2456-F79B-426C-875B-F5FA85DC67E9}.Debug|iOS.ActiveCfg = Debug|Any CPU
		{DF9E2456-F79B-426C-875B-F5FA85DC67E9}.Debug|iOS.Build.0 = Debug|Any CPU
		{DF9E2456-F79B-426C-875B-F5FA85DC67E9}.Debug|Windows-ARM.ActiveCfg = Debug|Any CPU
		{DF9E2456-F79B-426C-875B-F5FA85DC67E9}.Debug|Windows-ARM.Build.0 = Debug|Any CPU
		{DF9E2456-F79B-426C-875B-F5FA85DC67E9}.Debug|Windows-x64.ActiveCfg = Debug|Any CPU
		{DF9E2456-F79B-426C-875B-F5FA85DC67E9}.Debug|Windows-x64.Build.0 = Debug|Any CPU
		{DF9E2456-F79B-426C-875B-F5FA85DC67E9}.Debug|Windows-x86.ActiveCfg = Debug|Any CPU
		{DF9E2456-F79B-426C-875B-F5FA85DC67E9}.Debug|Windows-x86.Build.0 = Debug|Any CPU
		{DF9E2456-F79B-426C-875B-F5FA85DC67E9}.Release|Android.ActiveCfg = Release|Any CPU
		{DF9E2456-F79B-426C-875B-F5FA85DC67E9}.Release|Android.Build.0 = Release|Any CPU
		{DF9E2456-F79B-426C-875B-F5FA85DC67E9}.Release|Any CPU.ActiveCfg = Release|Any CPU
		{DF9E2456-F79B-426C-875B-F5FA85DC67E9}.Release|Any CPU.Build.0 = Release|Any CPU
		{DF9E2456-F79B-426C-875B-F5FA85DC67E9}.Release|iOS.ActiveCfg = Release|Any CPU
		{DF9E2456-F79B-426C-875B-F5FA85DC67E9}.Release|iOS.Build.0 = Release|Any CPU
		{DF9E2456-F79B-426C-875B-F5FA85DC67E9}.Release|Windows-ARM.ActiveCfg = Release|Any CPU
		{DF9E2456-F79B-426C-875B-F5FA85DC67E9}.Release|Windows-ARM.Build.0 = Release|Any CPU
		{DF9E2456-F79B-426C-875B-F5FA85DC67E9}.Release|Windows-x64.ActiveCfg = Release|Any CPU
		{DF9E2456-F79B-426C-875B-F5FA85DC67E9}.Release|Windows-x64.Build.0 = Release|Any CPU
		{DF9E2456-F79B-426C-875B-F5FA85DC67E9}.Release|Windows-x86.ActiveCfg = Release|Any CPU
		{DF9E2456-F79B-426C-875B-F5FA85DC67E9}.Release|Windows-x86.Build.0 = Release|Any CPU
		{DF45D3D0-C667-4480-9D6D-A3FF9157BCF1}.Debug|Android.ActiveCfg = Debug|Any CPU
		{DF45D3D0-C667-4480-9D6D-A3FF9157BCF1}.Debug|Android.Build.0 = Debug|Any CPU
		{DF45D3D0-C667-4480-9D6D-A3FF9157BCF1}.Debug|Any CPU.ActiveCfg = Debug|Any CPU
		{DF45D3D0-C667-4480-9D6D-A3FF9157BCF1}.Debug|Any CPU.Build.0 = Debug|Any CPU
		{DF45D3D0-C667-4480-9D6D-A3FF9157BCF1}.Debug|iOS.ActiveCfg = Debug|Any CPU
		{DF45D3D0-C667-4480-9D6D-A3FF9157BCF1}.Debug|iOS.Build.0 = Debug|Any CPU
		{DF45D3D0-C667-4480-9D6D-A3FF9157BCF1}.Debug|Windows-ARM.ActiveCfg = Debug|Any CPU
		{DF45D3D0-C667-4480-9D6D-A3FF9157BCF1}.Debug|Windows-ARM.Build.0 = Debug|Any CPU
		{DF45D3D0-C667-4480-9D6D-A3FF9157BCF1}.Debug|Windows-x64.ActiveCfg = Debug|Any CPU
		{DF45D3D0-C667-4480-9D6D-A3FF9157BCF1}.Debug|Windows-x64.Build.0 = Debug|Any CPU
		{DF45D3D0-C667-4480-9D6D-A3FF9157BCF1}.Debug|Windows-x86.ActiveCfg = Debug|Any CPU
		{DF45D3D0-C667-4480-9D6D-A3FF9157BCF1}.Debug|Windows-x86.Build.0 = Debug|Any CPU
		{DF45D3D0-C667-4480-9D6D-A3FF9157BCF1}.Release|Android.ActiveCfg = Release|Any CPU
		{DF45D3D0-C667-4480-9D6D-A3FF9157BCF1}.Release|Android.Build.0 = Release|Any CPU
		{DF45D3D0-C667-4480-9D6D-A3FF9157BCF1}.Release|Any CPU.ActiveCfg = Release|Any CPU
		{DF45D3D0-C667-4480-9D6D-A3FF9157BCF1}.Release|Any CPU.Build.0 = Release|Any CPU
		{DF45D3D0-C667-4480-9D6D-A3FF9157BCF1}.Release|iOS.ActiveCfg = Release|Any CPU
		{DF45D3D0-C667-4480-9D6D-A3FF9157BCF1}.Release|iOS.Build.0 = Release|Any CPU
		{DF45D3D0-C667-4480-9D6D-A3FF9157BCF1}.Release|Windows-ARM.ActiveCfg = Release|Any CPU
		{DF45D3D0-C667-4480-9D6D-A3FF9157BCF1}.Release|Windows-ARM.Build.0 = Release|Any CPU
		{DF45D3D0-C667-4480-9D6D-A3FF9157BCF1}.Release|Windows-x64.ActiveCfg = Release|Any CPU
		{DF45D3D0-C667-4480-9D6D-A3FF9157BCF1}.Release|Windows-x64.Build.0 = Release|Any CPU
		{DF45D3D0-C667-4480-9D6D-A3FF9157BCF1}.Release|Windows-x86.ActiveCfg = Release|Any CPU
		{DF45D3D0-C667-4480-9D6D-A3FF9157BCF1}.Release|Windows-x86.Build.0 = Release|Any CPU
		{E1C0960F-DA0D-4F82-889F-F457F0A1C288}.Debug|Android.ActiveCfg = Debug
		{E1C0960F-DA0D-4F82-889F-F457F0A1C288}.Debug|Any CPU.ActiveCfg = Debug
		{E1C0960F-DA0D-4F82-889F-F457F0A1C288}.Debug|iOS.ActiveCfg = Debug
		{E1C0960F-DA0D-4F82-889F-F457F0A1C288}.Debug|Windows-ARM.ActiveCfg = Debug
		{E1C0960F-DA0D-4F82-889F-F457F0A1C288}.Debug|Windows-x64.ActiveCfg = Debug
		{E1C0960F-DA0D-4F82-889F-F457F0A1C288}.Debug|Windows-x86.ActiveCfg = Debug
		{E1C0960F-DA0D-4F82-889F-F457F0A1C288}.Release|Android.ActiveCfg = Release
		{E1C0960F-DA0D-4F82-889F-F457F0A1C288}.Release|Any CPU.ActiveCfg = Release
		{E1C0960F-DA0D-4F82-889F-F457F0A1C288}.Release|iOS.ActiveCfg = Release
		{E1C0960F-DA0D-4F82-889F-F457F0A1C288}.Release|Windows-ARM.ActiveCfg = Release
		{E1C0960F-DA0D-4F82-889F-F457F0A1C288}.Release|Windows-x64.ActiveCfg = Release
		{E1C0960F-DA0D-4F82-889F-F457F0A1C288}.Release|Windows-x86.ActiveCfg = Release
		{7E022832-135B-4900-B48C-C41DCABB7CBB}.Debug|Android.ActiveCfg = Debug|Android
		{7E022832-135B-4900-B48C-C41DCABB7CBB}.Debug|Android.Build.0 = Debug|Android
		{7E022832-135B-4900-B48C-C41DCABB7CBB}.Debug|Android.Deploy.0 = Debug|Android
		{7E022832-135B-4900-B48C-C41DCABB7CBB}.Debug|Any CPU.ActiveCfg = Debug|Android
		{7E022832-135B-4900-B48C-C41DCABB7CBB}.Debug|Any CPU.Build.0 = Debug|Android
		{7E022832-135B-4900-B48C-C41DCABB7CBB}.Debug|Any CPU.Deploy.0 = Debug|Android
		{7E022832-135B-4900-B48C-C41DCABB7CBB}.Debug|iOS.ActiveCfg = Debug|iOS
		{7E022832-135B-4900-B48C-C41DCABB7CBB}.Debug|iOS.Build.0 = Debug|iOS
		{7E022832-135B-4900-B48C-C41DCABB7CBB}.Debug|iOS.Deploy.0 = Debug|iOS
		{7E022832-135B-4900-B48C-C41DCABB7CBB}.Debug|Windows-ARM.ActiveCfg = Debug|Windows-ARM
		{7E022832-135B-4900-B48C-C41DCABB7CBB}.Debug|Windows-ARM.Build.0 = Debug|Windows-ARM
		{7E022832-135B-4900-B48C-C41DCABB7CBB}.Debug|Windows-ARM.Deploy.0 = Debug|Windows-ARM
		{7E022832-135B-4900-B48C-C41DCABB7CBB}.Debug|Windows-x64.ActiveCfg = Debug|Windows-x64
		{7E022832-135B-4900-B48C-C41DCABB7CBB}.Debug|Windows-x64.Build.0 = Debug|Windows-x64
		{7E022832-135B-4900-B48C-C41DCABB7CBB}.Debug|Windows-x64.Deploy.0 = Debug|Windows-x64
		{7E022832-135B-4900-B48C-C41DCABB7CBB}.Debug|Windows-x86.ActiveCfg = Debug|Windows-x86
		{7E022832-135B-4900-B48C-C41DCABB7CBB}.Debug|Windows-x86.Build.0 = Debug|Windows-x86
		{7E022832-135B-4900-B48C-C41DCABB7CBB}.Debug|Windows-x86.Deploy.0 = Debug|Windows-x86
		{7E022832-135B-4900-B48C-C41DCABB7CBB}.Release|Android.ActiveCfg = Release|Android
		{7E022832-135B-4900-B48C-C41DCABB7CBB}.Release|Android.Build.0 = Release|Android
		{7E022832-135B-4900-B48C-C41DCABB7CBB}.Release|Android.Deploy.0 = Release|Android
		{7E022832-135B-4900-B48C-C41DCABB7CBB}.Release|Any CPU.ActiveCfg = Release|Android
		{7E022832-135B-4900-B48C-C41DCABB7CBB}.Release|iOS.ActiveCfg = Release|iOS
		{7E022832-135B-4900-B48C-C41DCABB7CBB}.Release|iOS.Build.0 = Release|iOS
		{7E022832-135B-4900-B48C-C41DCABB7CBB}.Release|iOS.Deploy.0 = Release|iOS
		{7E022832-135B-4900-B48C-C41DCABB7CBB}.Release|Windows-ARM.ActiveCfg = Release|Windows-ARM
		{7E022832-135B-4900-B48C-C41DCABB7CBB}.Release|Windows-ARM.Build.0 = Release|Windows-ARM
		{7E022832-135B-4900-B48C-C41DCABB7CBB}.Release|Windows-ARM.Deploy.0 = Release|Windows-ARM
		{7E022832-135B-4900-B48C-C41DCABB7CBB}.Release|Windows-x64.ActiveCfg = Release|Windows-x64
		{7E022832-135B-4900-B48C-C41DCABB7CBB}.Release|Windows-x64.Build.0 = Release|Windows-x64
		{7E022832-135B-4900-B48C-C41DCABB7CBB}.Release|Windows-x64.Deploy.0 = Release|Windows-x64
		{7E022832-135B-4900-B48C-C41DCABB7CBB}.Release|Windows-x86.ActiveCfg = Release|Windows-x86
		{7E022832-135B-4900-B48C-C41DCABB7CBB}.Release|Windows-x86.Build.0 = Release|Windows-x86
		{7E022832-135B-4900-B48C-C41DCABB7CBB}.Release|Windows-x86.Deploy.0 = Release|Windows-x86
		{31040CEC-9FCE-46A7-B84C-C4EB011959B6}.Debug|Android.ActiveCfg = Debug|Any CPU
		{31040CEC-9FCE-46A7-B84C-C4EB011959B6}.Debug|Android.Build.0 = Debug|Any CPU
		{31040CEC-9FCE-46A7-B84C-C4EB011959B6}.Debug|Any CPU.ActiveCfg = Debug|Any CPU
		{31040CEC-9FCE-46A7-B84C-C4EB011959B6}.Debug|Any CPU.Build.0 = Debug|Any CPU
		{31040CEC-9FCE-46A7-B84C-C4EB011959B6}.Debug|iOS.ActiveCfg = Debug|Any CPU
		{31040CEC-9FCE-46A7-B84C-C4EB011959B6}.Debug|iOS.Build.0 = Debug|Any CPU
		{31040CEC-9FCE-46A7-B84C-C4EB011959B6}.Debug|Windows-ARM.ActiveCfg = Debug|Any CPU
		{31040CEC-9FCE-46A7-B84C-C4EB011959B6}.Debug|Windows-ARM.Build.0 = Debug|Any CPU
		{31040CEC-9FCE-46A7-B84C-C4EB011959B6}.Debug|Windows-x64.ActiveCfg = Debug|Any CPU
		{31040CEC-9FCE-46A7-B84C-C4EB011959B6}.Debug|Windows-x64.Build.0 = Debug|Any CPU
		{31040CEC-9FCE-46A7-B84C-C4EB011959B6}.Debug|Windows-x86.ActiveCfg = Debug|Any CPU
		{31040CEC-9FCE-46A7-B84C-C4EB011959B6}.Debug|Windows-x86.Build.0 = Debug|Any CPU
		{31040CEC-9FCE-46A7-B84C-C4EB011959B6}.Release|Android.ActiveCfg = Release|Any CPU
		{31040CEC-9FCE-46A7-B84C-C4EB011959B6}.Release|Android.Build.0 = Release|Any CPU
		{31040CEC-9FCE-46A7-B84C-C4EB011959B6}.Release|Any CPU.ActiveCfg = Release|Any CPU
		{31040CEC-9FCE-46A7-B84C-C4EB011959B6}.Release|Any CPU.Build.0 = Release|Any CPU
		{31040CEC-9FCE-46A7-B84C-C4EB011959B6}.Release|iOS.ActiveCfg = Release|Any CPU
		{31040CEC-9FCE-46A7-B84C-C4EB011959B6}.Release|iOS.Build.0 = Release|Any CPU
		{31040CEC-9FCE-46A7-B84C-C4EB011959B6}.Release|Windows-ARM.ActiveCfg = Release|Any CPU
		{31040CEC-9FCE-46A7-B84C-C4EB011959B6}.Release|Windows-ARM.Build.0 = Release|Any CPU
		{31040CEC-9FCE-46A7-B84C-C4EB011959B6}.Release|Windows-x64.ActiveCfg = Release|Any CPU
		{31040CEC-9FCE-46A7-B84C-C4EB011959B6}.Release|Windows-x64.Build.0 = Release|Any CPU
		{31040CEC-9FCE-46A7-B84C-C4EB011959B6}.Release|Windows-x86.ActiveCfg = Release|Any CPU
		{31040CEC-9FCE-46A7-B84C-C4EB011959B6}.Release|Windows-x86.Build.0 = Release|Any CPU
	EndGlobalSection
	GlobalSection(SolutionProperties) = preSolution
		HideSolutionNode = FALSE
	EndGlobalSection
	GlobalSection(ExtensibilityGlobals) = postSolution
		SolutionGuid = {31316019-9175-48AC-B50C-C38199FB45C6}
	EndGlobalSection
EndGlobal
